
Microsoft Visual Studio Solution File, Format Version 12.00
# Visual Studio Version 17
VisualStudioVersion = 17.7.34031.279
MinimumVisualStudioVersion = 10.0.40219.1
Project("{9A19103F-16F7-4668-BE54-9A1E7A4F7556}") = "MouseSwitch", "MouseSwitch\MouseSwitch.csproj", "{5F6CC164-DD25-4AF8-8327-7D83901B45CB}"
EndProject
Project("{54435603-DBB4-11D2-8724-00A0C9A8B90C}") = "Setup1", "Setup1\Setup1.vdproj", "{D1854F68-B75E-4213-BB82-A165D2EEF00A}"
EndProject
Global
	GlobalSection(SolutionConfigurationPlatforms) = preSolution
		Debug|Any CPU = Debug|Any CPU
		Release|Any CPU = Release|Any CPU
	EndGlobalSection
	GlobalSection(ProjectConfigurationPlatforms) = postSolution
		{5F6CC164-DD25-4AF8-8327-7D83901B45CB}.Debug|Any CPU.ActiveCfg = Debug|Any CPU
		{5F6CC164-DD25-4AF8-8327-7D83901B45CB}.Debug|Any CPU.Build.0 = Debug|Any CPU
		{5F6CC164-DD25-4AF8-8327-7D83901B45CB}.Release|Any CPU.ActiveCfg = Release|Any CPU
		{5F6CC164-DD25-4AF8-8327-7D83901B45CB}.Release|Any CPU.Build.0 = Release|Any CPU
		{D1854F68-B75E-4213-BB82-A165D2EEF00A}.Debug|Any CPU.ActiveCfg = Debug
		{D1854F68-B75E-4213-BB82-A165D2EEF00A}.Release|Any CPU.ActiveCfg = Release
	EndGlobalSection
	GlobalSection(SolutionProperties) = preSolution
		HideSolutionNode = FALSE
	EndGlobalSection
	GlobalSection(ExtensibilityGlobals) = postSolution
		SolutionGuid = {79CF706D-5A3B-4FD3-8AFA-4312243005FF}
	EndGlobalSection
EndGlobal
